
Microsoft Visual Studio Solution File, Format Version 12.00
# Visual Studio Version 17
VisualStudioVersion = 17.3.32929.385
MinimumVisualStudioVersion = 10.0.40219.1
Project("{FAE04EC0-301F-11D3-BF4B-00C04F79EFBC}") = "body mass index", "body mass index.csproj", "{2BFC06E1-A328-4E50-A1F1-F9F25EF0D708}"
EndProject
Project("{FAE04EC0-301F-11D3-BF4B-00C04F79EFBC}") = "ConsoleApp1", "..\ConsoleApp1\ConsoleApp1.csproj", "{6AD57CC5-D59F-4B18-A602-239C56FF20A2}"
EndProject
Global
	GlobalSection(SolutionConfigurationPlatforms) = preSolution
		Debug|Any CPU = Debug|Any CPU
		Release|Any CPU = Release|Any CPU
	EndGlobalSection
	GlobalSection(ProjectConfigurationPlatforms) = postSolution
		{2BFC06E1-A328-4E50-A1F1-F9F25EF0D708}.Debug|Any CPU.ActiveCfg = Debug|Any CPU
		{2BFC06E1-A328-4E50-A1F1-F9F25EF0D708}.Debug|Any CPU.Build.0 = Debug|Any CPU
		{2BFC06E1-A328-4E50-A1F1-F9F25EF0D708}.Release|Any CPU.ActiveCfg = Release|Any CPU
		{2BFC06E1-A328-4E50-A1F1-F9F25EF0D708}.Release|Any CPU.Build.0 = Release|Any CPU
		{6AD57CC5-D59F-4B18-A602-239C56FF20A2}.Debug|Any CPU.ActiveCfg = Debug|Any CPU
		{6AD57CC5-D59F-4B18-A602-239C56FF20A2}.Debug|Any CPU.Build.0 = Debug|Any CPU
		{6AD57CC5-D59F-4B18-A602-239C56FF20A2}.Release|Any CPU.ActiveCfg = Release|Any CPU
		{6AD57CC5-D59F-4B18-A602-239C56FF20A2}.Release|Any CPU.Build.0 = Release|Any CPU
	EndGlobalSection
	GlobalSection(SolutionProperties) = preSolution
		HideSolutionNode = FALSE
	EndGlobalSection
	GlobalSection(ExtensibilityGlobals) = postSolution
		SolutionGuid = {DD252392-B9B9-4CBA-9324-7A5B466C7F09}
	EndGlobalSection
EndGlobal
